// !$*UTF8*$!
{
	archiveVersion = 1;
	classes = {
	};
	objectVersion = 46;
	objects = {

/* Begin PBXBuildFile section */
		CEE2DFE51E993EBD0030BA19 /* AppDelegate.swift in Sources */ = {isa = PBXBuildFile; fileRef = CEE2DFE41E993EBD0030BA19 /* AppDelegate.swift */; };
		CEE2DFE71E993EBD0030BA19 /* ViewController.swift in Sources */ = {isa = PBXBuildFile; fileRef = CEE2DFE61E993EBD0030BA19 /* ViewController.swift */; };
		CEE2DFEA1E993EBD0030BA19 /* Main.storyboard in Resources */ = {isa = PBXBuildFile; fileRef = CEE2DFE81E993EBD0030BA19 /* Main.storyboard */; };
		CEE2DFED1E993EBD0030BA19 /* ToDoList.xcdatamodeld in Sources */ = {isa = PBXBuildFile; fileRef = CEE2DFEB1E993EBD0030BA19 /* ToDoList.xcdatamodeld */; };
		CEE2DFEF1E993EBD0030BA19 /* Assets.xcassets in Resources */ = {isa = PBXBuildFile; fileRef = CEE2DFEE1E993EBD0030BA19 /* Assets.xcassets */; };
		CEE2DFF21E993EBD0030BA19 /* LaunchScreen.storyboard in Resources */ = {isa = PBXBuildFile; fileRef = CEE2DFF01E993EBD0030BA19 /* LaunchScreen.storyboard */; };
/* End PBXBuildFile section */

/* Begin PBXFileReference section */
		CEE2DFE11E993EBD0030BA19 /* ToDoList.app */ = {isa = PBXFileReference; explicitFileType = wrapper.application; includeInIndex = 0; path = ToDoList.app; sourceTree = BUILT_PRODUCTS_DIR; };
		CEE2DFE41E993EBD0030BA19 /* AppDelegate.swift */ = {isa = PBXFileReference; lastKnownFileType = sourcecode.swift; path = AppDelegate.swift; sourceTree = "<group>"; };
		CEE2DFE61E993EBD0030BA19 /* ViewController.swift */ = {isa = PBXFileReference; lastKnownFileType = sourcecode.swift; path = ViewController.swift; sourceTree = "<group>"; };
		CEE2DFE91E993EBD0030BA19 /* Base */ = {isa = PBXFileReference; lastKnownFileType = file.storyboard; name = Base; path = Base.lproj/Main.storyboard; sourceTree = "<group>"; };
		CEE2DFEC1E993EBD0030BA19 /* ToDoList.xcdatamodel */ = {isa = PBXFileReference; lastKnownFileType = wrapper.xcdatamodel; path = ToDoList.xcdatamodel; sourceTree = "<group>"; };
		CEE2DFEE1E993EBD0030BA19 /* Assets.xcassets */ = {isa = PBXFileReference; lastKnownFileType = folder.assetcatalog; path = Assets.xcassets; sourceTree = "<group>"; };
		CEE2DFF11E993EBD0030BA19 /* Base */ = {isa = PBXFileReference; lastKnownFileType = file.storyboard; name = Base; path = Base.lproj/LaunchScreen.storyboard; sourceTree = "<group>"; };
		CEE2DFF31E993EBD0030BA19 /* Info.plist */ = {isa = PBXFileReference; lastKnownFileType = text.plist.xml; path = Info.plist; sourceTree = "<group>"; };
/* End PBXFileReference section */

/* Begin PBXFrameworksBuildPhase section */
		CEE2DFDE1E993EBD0030BA19 /* Frameworks */ = {
			isa = PBXFrameworksBuildPhase;
			buildActionMask = 2147483647;
			files = (
			);
			runOnlyForDeploymentPostprocessing = 0;
		};
/* End PBXFrameworksBuildPhase section */

/* Begin PBXGroup section */
		CEE2DFD81E993EBD0030BA19 = {
			isa = PBXGroup;
			children = (
				CEE2DFE31E993EBD0030BA19 /* ToDoList */,
				CEE2DFE21E993EBD0030BA19 /* Products */,
			);
			sourceTree = "<group>";
		};
		CEE2DFE21E993EBD0030BA19 /* Products */ = {
			isa = PBXGroup;
			children = (
				CEE2DFE11E993EBD0030BA19 /* ToDoList.app */,
			);
			name = Products;
			sourceTree = "<group>";
		};
		CEE2DFE31E993EBD0030BA19 /* ToDoList */ = {
			isa = PBXGroup;
			children = (
				CEE2DFE41E993EBD0030BA19 /* AppDelegate.swift */,
				CEE2DFE61E993EBD0030BA19 /* ViewController.swift */,
				CEE2DFE81E993EBD0030BA19 /* Main.storyboard */,
				CEE2DFEE1E993EBD0030BA19 /* Assets.xcassets */,
				CEE2DFF01E993EBD0030BA19 /* LaunchScreen.storyboard */,
				CEE2DFF31E993EBD0030BA19 /* Info.plist */,
				CEE2DFEB1E993EBD0030BA19 /* ToDoList.xcdatamodeld */,
			);
			path = ToDoList;
			sourceTree = "<group>";
		};
/* End PBXGroup section */

/* Begin PBXNativeTarget section */
		CEE2DFE01E993EBD0030BA19 /* ToDoList */ = {
			isa = PBXNativeTarget;
			buildConfigurationList = CEE2DFF61E993EBD0030BA19 /* Build configuration list for PBXNativeTarget "ToDoList" */;
			buildPhases = (
				CEE2DFDD1E993EBD0030BA19 /* Sources */,
				CEE2DFDE1E993EBD0030BA19 /* Frameworks */,
				CEE2DFDF1E993EBD0030BA19 /* Resources */,
			);
			buildRules = (
			);
			dependencies = (
			);
			name = ToDoList;
			productName = ToDoList;
			productReference = CEE2DFE11E993EBD0030BA19 /* ToDoList.app */;
			productType = "com.apple.product-type.application";
		};
/* End PBXNativeTarget section */

/* Begin PBXProject section */
		CEE2DFD91E993EBD0030BA19 /* Project object */ = {
			isa = PBXProject;
			attributes = {
				LastSwiftUpdateCheck = 0820;
				LastUpgradeCheck = 0820;
				ORGANIZATIONNAME = gregMakesApps;
				TargetAttributes = {
					CEE2DFE01E993EBD0030BA19 = {
						CreatedOnToolsVersion = 8.2.1;
						DevelopmentTeam = AAB82827SQ;
						ProvisioningStyle = Automatic;
					};
				};
			};
			buildConfigurationList = CEE2DFDC1E993EBD0030BA19 /* Build configuration list for PBXProject "ToDoList" */;
			compatibilityVersion = "Xcode 3.2";
			developmentRegion = English;
			hasScannedForEncodings = 0;
			knownRegions = (
				en,
				Base,
			);
			mainGroup = CEE2DFD81E993EBD0030BA19;
			productRefGroup = CEE2DFE21E993EBD0030BA19 /* Products */;
			projectDirPath = "";
			projectRoot = "";
			targets = (
				CEE2DFE01E993EBD0030BA19 /* ToDoList */,
			);
		};
/* End PBXProject section */

/* Begin PBXResourcesBuildPhase section */
		CEE2DFDF1E993EBD0030BA19 /* Resources */ = {
			isa = PBXResourcesBuildPhase;
			buildActionMask = 2147483647;
			files = (
				CEE2DFF21E993EBD0030BA19 /* LaunchScreen.storyboard in Resources */,
				CEE2DFEF1E993EBD0030BA19 /* Assets.xcassets in Resources */,
				CEE2DFEA1E993EBD0030BA19 /* Main.storyboard in Resources */,
			);
			runOnlyForDeploymentPostprocessing = 0;
		};
/* End PBXResourcesBuildPhase section */

/* Begin PBXSourcesBuildPhase section */
		CEE2DFDD1E993EBD0030BA19 /* Sources */ = {
			isa = PBXSourcesBuildPhase;
			buildActionMask = 2147483647;
			files = (
				CEE2DFE71E993EBD0030BA19 /* ViewController.swift in Sources */,
				CEE2DFED1E993EBD0030BA19 /* ToDoList.xcdatamodeld in Sources */,
				CEE2DFE51E993EBD0030BA19 /* AppDelegate.swift in Sources */,
			);
			runOnlyForDeploymentPostprocessing = 0;
		};
/* End PBXSourcesBuildPhase section */

/* Begin PBXVariantGroup section */
		CEE2DFE81E993EBD0030BA19 /* Main.storyboard */ = {
			isa = PBXVariantGroup;
			children = (
				CEE2DFE91E993EBD0030BA19 /* Base */,
			);
			name = Main.storyboard;
			sourceTree = "<group>";
		};
		CEE2DFF01E993EBD0030BA19 /* LaunchScreen.storyboard */ = {
			isa = PBXVariantGroup;
			children = (
				CEE2DFF11E993EBD0030BA19 /* Base */,
			);
			name = LaunchScreen.storyboard;
			sourceTree = "<group>";
		};
/* End PBXVariantGroup section */

/* Begin XCBuildConfiguration section */
		CEE2DFF41E993EBD0030BA19 /* Debug */ = {
			isa = XCBuildConfiguration;
			buildSettings = {
				ALWAYS_SEARCH_USER_PATHS = NO;
				CLANG_ANALYZER_NONNULL = YES;
				CLANG_CXX_LANGUAGE_STANDARD = "gnu++0x";
				CLANG_CXX_LIBRARY = "libc++";
				CLANG_ENABLE_MODULES = YES;
				CLANG_ENABLE_OBJC_ARC = YES;
				CLANG_WARN_BOOL_CONVERSION = YES;
				CLANG_WARN_CONSTANT_CONVERSION = YES;
				CLANG_WARN_DIRECT_OBJC_ISA_USAGE = YES_ERROR;
				CLANG_WARN_DOCUMENTATION_COMMENTS = YES;
				CLANG_WARN_EMPTY_BODY = YES;
				CLANG_WARN_ENUM_CONVERSION = YES;
				CLANG_WARN_INFINITE_RECURSION = YES;
				CLANG_WARN_INT_CONVERSION = YES;
				CLANG_WARN_OBJC_ROOT_CLASS = YES_ERROR;
				CLANG_WARN_SUSPICIOUS_MOVE = YES;
				CLANG_WARN_UNREACHABLE_CODE = YES;
				CLANG_WARN__DUPLICATE_METHOD_MATCH = YES;
				"CODE_SIGN_IDENTITY[sdk=iphoneos*]" = "iPhone Developer";
				COPY_PHASE_STRIP = NO;
				DEBUG_INFORMATION_FORMAT = dwarf;
				ENABLE_STRICT_OBJC_MSGSEND = YES;
				ENABLE_TESTABILITY = YES;
				GCC_C_LANGUAGE_STANDARD = gnu99;
				GCC_DYNAMIC_NO_PIC = NO;
				GCC_NO_COMMON_BLOCKS = YES;
				GCC_OPTIMIZATION_LEVEL = 0;
				GCC_PREPROCESSOR_DEFINITIONS = (
					"DEBUG=1",
					"$(inherited)",
				);
				GCC_WARN_64_TO_32_BIT_CONVERSION = YES;
				GCC_WARN_ABOUT_RETURN_TYPE = YES_ERROR;
				GCC_WARN_UNDECLARED_SELECTOR = YES;
				GCC_WARN_UNINITIALIZED_AUTOS = YES_AGGRESSIVE;
				GCC_WARN_UNUSED_FUNCTION = YES;
				GCC_WARN_UNUSED_VARIABLE = YES;
				IPHONEOS_DEPLOYMENT_TARGET = 10.2;
				MTL_ENABLE_DEBUG_INFO = YES;
				ONLY_ACTIVE_ARCH = YES;
				SDKROOT = iphoneos;
				SWIFT_ACTIVE_COMPILATION_CONDITIONS = DEBUG;
				SWIFT_OPTIMIZATION_LEVEL = "-Onone";
				TARGETED_DEVICE_FAMILY = "1,2";
			};
			name = Debug;
		};
		CEE2DFF51E993EBD0030BA19 /* Release */ = {
			isa = XCBuildConfiguration;
			buildSettings = {
				ALWAYS_SEARCH_USER_PATHS = NO;
				CLANG_ANALYZER_NONNULL = YES;
				CLANG_CXX_LANGUAGE_STANDARD = "gnu++0x";
				CLANG_CXX_LIBRARY = "libc++";
				CLANG_ENABLE_MODULES = YES;
				CLANG_ENABLE_OBJC_ARC = YES;
				CLANG_WARN_BOOL_CONVERSION = YES;
				CLANG_WARN_CONSTANT_CONVERSION = YES;
				CLANG_WARN_DIRECT_OBJC_ISA_USAGE = YES_ERROR;
				CLANG_WARN_DOCUMENTATION_COMMENTS = YES;
				CLANG_WARN_EMPTY_BODY = YES;
				CLANG_WARN_ENUM_CONVERSION = YES;
				CLANG_WARN_INFINITE_RECURSION = YES;
				CLANG_WARN_INT_CONVERSION = YES;
				CLANG_WARN_OBJC_ROOT_CLASS = YES_ERROR;
				CLANG_WARN_SUSPICIOUS_MOVE = YES;
				CLANG_WARN_UNREACHABLE_CODE = YES;
				CLANG_WARN__DUPLICATE_METHOD_MATCH = YES;
				"CODE_SIGN_IDENTITY[sdk=iphoneos*]" = "iPhone Developer";
				COPY_PHASE_STRIP = NO;
				DEBUG_INFORMATION_FORMAT = "dwarf-with-dsym";
				ENABLE_NS_ASSERTIONS = NO;
				ENABLE_STRICT_OBJC_MSGSEND = YES;
				GCC_C_LANGUAGE_STANDARD = gnu99;
				GCC_NO_COMMON_BLOCKS = YES;
				GCC_WARN_64_TO_32_BIT_CONVERSION = YES;
				GCC_WARN_ABOUT_RETURN_TYPE = YES_ERROR;
				GCC_WARN_UNDECLARED_SELECTOR = YES;
				GCC_WARN_UNINITIALIZED_AUTOS = YES_AGGRESSIVE;
				GCC_WARN_UNUSED_FUNCTION = YES;
				GCC_WARN_UNUSED_VARIABLE = YES;
				IPHONEOS_DEPLOYMENT_TARGET = 10.2;
				MTL_ENABLE_DEBUG_INFO = NO;
				SDKROOT = iphoneos;
				SWIFT_OPTIMIZATION_LEVEL = "-Owholemodule";
				TARGETED_DEVICE_FAMILY = "1,2";
				VALIDATE_PRODUCT = YES;
			};
			name = Release;
		};
		CEE2DFF71E993EBD0030BA19 /* Debug */ = {
			isa = XCBuildConfiguration;
			buildSettings = {
				ASSETCATALOG_COMPILER_APPICON_NAME = AppIcon;
				DEVELOPMENT_TEAM = AAB82827SQ;
				INFOPLIST_FILE = ToDoList/Info.plist;
				LD_RUNPATH_SEARCH_PATHS = "$(inherited) @executable_path/Frameworks";
				PRODUCT_BUNDLE_IDENTIFIER = gregmakesapps.ToDoList;
				PRODUCT_NAME = "$(TARGET_NAME)";
				SWIFT_VERSION = 3.0;
			};
			name = Debug;
		};
		CEE2DFF81E993EBD0030BA19 /* Release */ = {
			isa = XCBuildConfiguration;
			buildSettings = {
				ASSETCATALOG_COMPILER_APPICON_NAME = AppIcon;
				DEVELOPMENT_TEAM = AAB82827SQ;
				INFOPLIST_FILE = ToDoList/Info.plist;
				LD_RUNPATH_SEARCH_PATHS = "$(inherited) @executable_path/Frameworks";
				PRODUCT_BUNDLE_IDENTIFIER = gregmakesapps.ToDoList;
				PRODUCT_NAME = "$(TARGET_NAME)";
				SWIFT_VERSION = 3.0;
			};
			name = Release;
		};
/* End XCBuildConfiguration section */

/* Begin XCConfigurationList section */
		CEE2DFDC1E993EBD0030BA19 /* Build configuration list for PBXProject "ToDoList" */ = {
			isa = XCConfigurationList;
			buildConfigurations = (
				CEE2DFF41E993EBD0030BA19 /* Debug */,
				CEE2DFF51E993EBD0030BA19 /* Release */,
			);
			defaultConfigurationIsVisible = 0;
			defaultConfigurationName = Release;
		};
		CEE2DFF61E993EBD0030BA19 /* Build configuration list for PBXNativeTarget "ToDoList" */ = {
			isa = XCConfigurationList;
			buildConfigurations = (
				CEE2DFF71E993EBD0030BA19 /* Debug */,
				CEE2DFF81E993EBD0030BA19 /* Release */,
			);
			defaultConfigurationIsVisible = 0;
		};
/* End XCConfigurationList section */

/* Begin XCVersionGroup section */
		CEE2DFEB1E993EBD0030BA19 /* ToDoList.xcdatamodeld */ = {
			isa = XCVersionGroup;
			children = (
				CEE2DFEC1E993EBD0030BA19 /* ToDoList.xcdatamodel */,
			);
			currentVersion = CEE2DFEC1E993EBD0030BA19 /* ToDoList.xcdatamodel */;
			path = ToDoList.xcdatamodeld;
			sourceTree = "<group>";
			versionGroupType = wrapper.xcdatamodel;
		};
/* End XCVersionGroup section */
	};
	rootObject = CEE2DFD91E993EBD0030BA19 /* Project object */;
}
